
Microsoft Visual Studio Solution File, Format Version 12.00
# Visual Studio 15
VisualStudioVersion = 15.0.27130.2027
MinimumVisualStudioVersion = 10.0.40219.1
Project("{FAE04EC0-301F-11D3-BF4B-00C04F79EFBC}") = "GraphSimulator", "GraphSimulator\GraphSimulator.csproj", "{AA850F81-B78F-4702-B278-F99FE5CDBA37}"
EndProject
Global
	GlobalSection(SolutionConfigurationPlatforms) = preSolution
		Debug|Any CPU = Debug|Any CPU
		Release|Any CPU = Release|Any CPU
	EndGlobalSection
	GlobalSection(ProjectConfigurationPlatforms) = postSolution
		{AA850F81-B78F-4702-B278-F99FE5CDBA37}.Debug|Any CPU.ActiveCfg = Debug|Any CPU
		{AA850F81-B78F-4702-B278-F99FE5CDBA37}.Debug|Any CPU.Build.0 = Debug|Any CPU
		{AA850F81-B78F-4702-B278-F99FE5CDBA37}.Release|Any CPU.ActiveCfg = Release|Any CPU
		{AA850F81-B78F-4702-B278-F99FE5CDBA37}.Release|Any CPU.Build.0 = Release|Any CPU
	EndGlobalSection
	GlobalSection(SolutionProperties) = preSolution
		HideSolutionNode = FALSE
	EndGlobalSection
	GlobalSection(ExtensibilityGlobals) = postSolution
		SolutionGuid = {6AD4D4F7-2AE9-41CE-A95B-594D1EB14E2F}
	EndGlobalSection
EndGlobal
